
Microsoft Visual Studio Solution File, Format Version 12.00
# Visual Studio Version 17
VisualStudioVersion = 17.0.32014.148
MinimumVisualStudioVersion = 10.0.40219.1
Project("{8BC9CEB8-8B4A-11D0-8D11-00A0C91BC942}") = "FirstProject", "FirstProject\FirstProject.vcxproj", "{0DF0EE68-1F59-458B-9E49-0B2A24A71EDD}"
EndProject
Project("{8BC9CEB8-8B4A-11D0-8D11-00A0C91BC942}") = "DynamicAllocation", "DynamicAllocation\DynamicAllocation.vcxproj", "{50B2190C-C44A-4CE1-8C26-4BA93636B084}"
EndProject
Project("{8BC9CEB8-8B4A-11D0-8D11-00A0C91BC942}") = "String", "String\String.vcxproj", "{B59A151C-2C42-460D-9FAD-B784D1D5319E}"
EndProject
Project("{8BC9CEB8-8B4A-11D0-8D11-00A0C91BC942}") = "Function", "Function\Function.vcxproj", "{AAF991B5-DC7E-4402-B8F2-7C5AD6F61F6F}"
EndProject
Project("{8BC9CEB8-8B4A-11D0-8D11-00A0C91BC942}") = "연습용 페이지 1", "연습용 페이지 1\연습용 페이지 1.vcxproj", "{F468F6E0-BD89-4356-A4F5-29ADBB4AA147}"
EndProject
Project("{8BC9CEB8-8B4A-11D0-8D11-00A0C91BC942}") = "Class", "Class\Class.vcxproj", "{CFDCF947-3846-4D41-94B9-6F0DE684A425}"
EndProject
Project("{8BC9CEB8-8B4A-11D0-8D11-00A0C91BC942}") = "연습용 페이지 2", "연습용 페이지 2\연습용 페이지 2.vcxproj", "{9AB66014-4649-47F3-9368-98D1987FF907}"
EndProject
Project("{8BC9CEB8-8B4A-11D0-8D11-00A0C91BC942}") = "DynamicArray", "DynamicArray\DynamicArray.vcxproj", "{514B9242-932E-4260-9300-170AF5435D91}"
EndProject
Project("{8BC9CEB8-8B4A-11D0-8D11-00A0C91BC942}") = "Template", "Template\Template.vcxproj", "{01D0B0A9-8EAE-4D23-A0DC-FD3872DDAC73}"
EndProject
Project("{8BC9CEB8-8B4A-11D0-8D11-00A0C91BC942}") = "LinkedList", "LinkedList\LinkedList.vcxproj", "{B23846FE-FC0F-4513-8A6A-15E2ED393668}"
EndProject
Project("{8BC9CEB8-8B4A-11D0-8D11-00A0C91BC942}") = "BinaryTree", "BinaryTree\BinaryTree.vcxproj", "{FAF0ED17-2FF5-48C5-9461-81EAF66F7027}"
EndProject
Project("{8BC9CEB8-8B4A-11D0-8D11-00A0C91BC942}") = "HashTable", "HashTable\HashTable.vcxproj", "{F2877E4C-482D-4166-9204-1B5BE26A97FC}"
EndProject
Project("{8BC9CEB8-8B4A-11D0-8D11-00A0C91BC942}") = "ClassInheritance", "ClassInheritance\ClassInheritance.vcxproj", "{562709DC-A105-40E2-B94D-F6E0FBB13977}"
EndProject
Project("{8BC9CEB8-8B4A-11D0-8D11-00A0C91BC942}") = "연습용 페이지 3", "연습용 페이지 3\연습용 페이지 3.vcxproj", "{59B9E5F2-0670-4B48-ABD6-A5EB545A7D0B}"
EndProject
Project("{8BC9CEB8-8B4A-11D0-8D11-00A0C91BC942}") = "STLPractice", "STLPractice\STLPractice.vcxproj", "{49A6A508-9885-4EC2-B234-E86DB783F1ED}"
EndProject
Project("{8BC9CEB8-8B4A-11D0-8D11-00A0C91BC942}") = "연습", "연습\연습.vcxproj", "{E9D018FD-A54B-45AE-84CB-2F096AF8B26F}"
EndProject
Project("{8BC9CEB8-8B4A-11D0-8D11-00A0C91BC942}") = "Example_CallBack", "Example_CallBack\Example_CallBack.vcxproj", "{D9E255A1-6DE0-40EB-AF04-FE13A64FD54A}"
EndProject
Project("{8BC9CEB8-8B4A-11D0-8D11-00A0C91BC942}") = "zvzxcvzxcv", "zvzxcvzxcv\zvzxcvzxcv.vcxproj", "{8FC1E963-7E21-420C-AA9A-D9EF3355BD08}"
EndProject
Global
	GlobalSection(SolutionConfigurationPlatforms) = preSolution
		Debug|x64 = Debug|x64
		Debug|x86 = Debug|x86
		Release|x64 = Release|x64
		Release|x86 = Release|x86
	EndGlobalSection
	GlobalSection(ProjectConfigurationPlatforms) = postSolution
		{0DF0EE68-1F59-458B-9E49-0B2A24A71EDD}.Debug|x64.ActiveCfg = Debug|x64
		{0DF0EE68-1F59-458B-9E49-0B2A24A71EDD}.Debug|x64.Build.0 = Debug|x64
		{0DF0EE68-1F59-458B-9E49-0B2A24A71EDD}.Debug|x86.ActiveCfg = Debug|Win32
		{0DF0EE68-1F59-458B-9E49-0B2A24A71EDD}.Debug|x86.Build.0 = Debug|Win32
		{0DF0EE68-1F59-458B-9E49-0B2A24A71EDD}.Release|x64.ActiveCfg = Release|x64
		{0DF0EE68-1F59-458B-9E49-0B2A24A71EDD}.Release|x64.Build.0 = Release|x64
		{0DF0EE68-1F59-458B-9E49-0B2A24A71EDD}.Release|x86.ActiveCfg = Release|Win32
		{0DF0EE68-1F59-458B-9E49-0B2A24A71EDD}.Release|x86.Build.0 = Release|Win32
		{50B2190C-C44A-4CE1-8C26-4BA93636B084}.Debug|x64.ActiveCfg = Debug|x64
		{50B2190C-C44A-4CE1-8C26-4BA93636B084}.Debug|x64.Build.0 = Debug|x64
		{50B2190C-C44A-4CE1-8C26-4BA93636B084}.Debug|x86.ActiveCfg = Debug|Win32
		{50B2190C-C44A-4CE1-8C26-4BA93636B084}.Debug|x86.Build.0 = Debug|Win32
		{50B2190C-C44A-4CE1-8C26-4BA93636B084}.Release|x64.ActiveCfg = Release|x64
		{50B2190C-C44A-4CE1-8C26-4BA93636B084}.Release|x64.Build.0 = Release|x64
		{50B2190C-C44A-4CE1-8C26-4BA93636B084}.Release|x86.ActiveCfg = Release|Win32
		{50B2190C-C44A-4CE1-8C26-4BA93636B084}.Release|x86.Build.0 = Release|Win32
		{B59A151C-2C42-460D-9FAD-B784D1D5319E}.Debug|x64.ActiveCfg = Debug|x64
		{B59A151C-2C42-460D-9FAD-B784D1D5319E}.Debug|x64.Build.0 = Debug|x64
		{B59A151C-2C42-460D-9FAD-B784D1D5319E}.Debug|x86.ActiveCfg = Debug|Win32
		{B59A151C-2C42-460D-9FAD-B784D1D5319E}.Debug|x86.Build.0 = Debug|Win32
		{B59A151C-2C42-460D-9FAD-B784D1D5319E}.Release|x64.ActiveCfg = Release|x64
		{B59A151C-2C42-460D-9FAD-B784D1D5319E}.Release|x64.Build.0 = Release|x64
		{B59A151C-2C42-460D-9FAD-B784D1D5319E}.Release|x86.ActiveCfg = Release|Win32
		{B59A151C-2C42-460D-9FAD-B784D1D5319E}.Release|x86.Build.0 = Release|Win32
		{AAF991B5-DC7E-4402-B8F2-7C5AD6F61F6F}.Debug|x64.ActiveCfg = Debug|x64
		{AAF991B5-DC7E-4402-B8F2-7C5AD6F61F6F}.Debug|x64.Build.0 = Debug|x64
		{AAF991B5-DC7E-4402-B8F2-7C5AD6F61F6F}.Debug|x86.ActiveCfg = Debug|Win32
		{AAF991B5-DC7E-4402-B8F2-7C5AD6F61F6F}.Debug|x86.Build.0 = Debug|Win32
		{AAF991B5-DC7E-4402-B8F2-7C5AD6F61F6F}.Release|x64.ActiveCfg = Release|x64
		{AAF991B5-DC7E-4402-B8F2-7C5AD6F61F6F}.Release|x64.Build.0 = Release|x64
		{AAF991B5-DC7E-4402-B8F2-7C5AD6F61F6F}.Release|x86.ActiveCfg = Release|Win32
		{AAF991B5-DC7E-4402-B8F2-7C5AD6F61F6F}.Release|x86.Build.0 = Release|Win32
		{F468F6E0-BD89-4356-A4F5-29ADBB4AA147}.Debug|x64.ActiveCfg = Debug|x64
		{F468F6E0-BD89-4356-A4F5-29ADBB4AA147}.Debug|x64.Build.0 = Debug|x64
		{F468F6E0-BD89-4356-A4F5-29ADBB4AA147}.Debug|x86.ActiveCfg = Debug|Win32
		{F468F6E0-BD89-4356-A4F5-29ADBB4AA147}.Debug|x86.Build.0 = Debug|Win32
		{F468F6E0-BD89-4356-A4F5-29ADBB4AA147}.Release|x64.ActiveCfg = Release|x64
		{F468F6E0-BD89-4356-A4F5-29ADBB4AA147}.Release|x64.Build.0 = Release|x64
		{F468F6E0-BD89-4356-A4F5-29ADBB4AA147}.Release|x86.ActiveCfg = Release|Win32
		{F468F6E0-BD89-4356-A4F5-29ADBB4AA147}.Release|x86.Build.0 = Release|Win32
		{CFDCF947-3846-4D41-94B9-6F0DE684A425}.Debug|x64.ActiveCfg = Debug|x64
		{CFDCF947-3846-4D41-94B9-6F0DE684A425}.Debug|x64.Build.0 = Debug|x64
		{CFDCF947-3846-4D41-94B9-6F0DE684A425}.Debug|x86.ActiveCfg = Debug|Win32
		{CFDCF947-3846-4D41-94B9-6F0DE684A425}.Debug|x86.Build.0 = Debug|Win32
		{CFDCF947-3846-4D41-94B9-6F0DE684A425}.Release|x64.ActiveCfg = Release|x64
		{CFDCF947-3846-4D41-94B9-6F0DE684A425}.Release|x64.Build.0 = Release|x64
		{CFDCF947-3846-4D41-94B9-6F0DE684A425}.Release|x86.ActiveCfg = Release|Win32
		{CFDCF947-3846-4D41-94B9-6F0DE684A425}.Release|x86.Build.0 = Release|Win32
		{9AB66014-4649-47F3-9368-98D1987FF907}.Debug|x64.ActiveCfg = Debug|x64
		{9AB66014-4649-47F3-9368-98D1987FF907}.Debug|x64.Build.0 = Debug|x64
		{9AB66014-4649-47F3-9368-98D1987FF907}.Debug|x86.ActiveCfg = Debug|Win32
		{9AB66014-4649-47F3-9368-98D1987FF907}.Debug|x86.Build.0 = Debug|Win32
		{9AB66014-4649-47F3-9368-98D1987FF907}.Release|x64.ActiveCfg = Release|x64
		{9AB66014-4649-47F3-9368-98D1987FF907}.Release|x64.Build.0 = Release|x64
		{9AB66014-4649-47F3-9368-98D1987FF907}.Release|x86.ActiveCfg = Release|Win32
		{9AB66014-4649-47F3-9368-98D1987FF907}.Release|x86.Build.0 = Release|Win32
		{514B9242-932E-4260-9300-170AF5435D91}.Debug|x64.ActiveCfg = Debug|x64
		{514B9242-932E-4260-9300-170AF5435D91}.Debug|x64.Build.0 = Debug|x64
		{514B9242-932E-4260-9300-170AF5435D91}.Debug|x86.ActiveCfg = Debug|Win32
		{514B9242-932E-4260-9300-170AF5435D91}.Debug|x86.Build.0 = Debug|Win32
		{514B9242-932E-4260-9300-170AF5435D91}.Release|x64.ActiveCfg = Release|x64
		{514B9242-932E-4260-9300-170AF5435D91}.Release|x64.Build.0 = Release|x64
		{514B9242-932E-4260-9300-170AF5435D91}.Release|x86.ActiveCfg = Release|Win32
		{514B9242-932E-4260-9300-170AF5435D91}.Release|x86.Build.0 = Release|Win32
		{01D0B0A9-8EAE-4D23-A0DC-FD3872DDAC73}.Debug|x64.ActiveCfg = Debug|x64
		{01D0B0A9-8EAE-4D23-A0DC-FD3872DDAC73}.Debug|x64.Build.0 = Debug|x64
		{01D0B0A9-8EAE-4D23-A0DC-FD3872DDAC73}.Debug|x86.ActiveCfg = Debug|Win32
		{01D0B0A9-8EAE-4D23-A0DC-FD3872DDAC73}.Debug|x86.Build.0 = Debug|Win32
		{01D0B0A9-8EAE-4D23-A0DC-FD3872DDAC73}.Release|x64.ActiveCfg = Release|x64
		{01D0B0A9-8EAE-4D23-A0DC-FD3872DDAC73}.Release|x64.Build.0 = Release|x64
		{01D0B0A9-8EAE-4D23-A0DC-FD3872DDAC73}.Release|x86.ActiveCfg = Release|Win32
		{01D0B0A9-8EAE-4D23-A0DC-FD3872DDAC73}.Release|x86.Build.0 = Release|Win32
		{B23846FE-FC0F-4513-8A6A-15E2ED393668}.Debug|x64.ActiveCfg = Debug|x64
		{B23846FE-FC0F-4513-8A6A-15E2ED393668}.Debug|x64.Build.0 = Debug|x64
		{B23846FE-FC0F-4513-8A6A-15E2ED393668}.Debug|x86.ActiveCfg = Debug|Win32
		{B23846FE-FC0F-4513-8A6A-15E2ED393668}.Debug|x86.Build.0 = Debug|Win32
		{B23846FE-FC0F-4513-8A6A-15E2ED393668}.Release|x64.ActiveCfg = Release|x64
		{B23846FE-FC0F-4513-8A6A-15E2ED393668}.Release|x64.Build.0 = Release|x64
		{B23846FE-FC0F-4513-8A6A-15E2ED393668}.Release|x86.ActiveCfg = Release|Win32
		{B23846FE-FC0F-4513-8A6A-15E2ED393668}.Release|x86.Build.0 = Release|Win32
		{FAF0ED17-2FF5-48C5-9461-81EAF66F7027}.Debug|x64.ActiveCfg = Debug|x64
		{FAF0ED17-2FF5-48C5-9461-81EAF66F7027}.Debug|x64.Build.0 = Debug|x64
		{FAF0ED17-2FF5-48C5-9461-81EAF66F7027}.Debug|x86.ActiveCfg = Debug|Win32
		{FAF0ED17-2FF5-48C5-9461-81EAF66F7027}.Debug|x86.Build.0 = Debug|Win32
		{FAF0ED17-2FF5-48C5-9461-81EAF66F7027}.Release|x64.ActiveCfg = Release|x64
		{FAF0ED17-2FF5-48C5-9461-81EAF66F7027}.Release|x64.Build.0 = Release|x64
		{FAF0ED17-2FF5-48C5-9461-81EAF66F7027}.Release|x86.ActiveCfg = Release|Win32
		{FAF0ED17-2FF5-48C5-9461-81EAF66F7027}.Release|x86.Build.0 = Release|Win32
		{F2877E4C-482D-4166-9204-1B5BE26A97FC}.Debug|x64.ActiveCfg = Debug|x64
		{F2877E4C-482D-4166-9204-1B5BE26A97FC}.Debug|x64.Build.0 = Debug|x64
		{F2877E4C-482D-4166-9204-1B5BE26A97FC}.Debug|x86.ActiveCfg = Debug|Win32
		{F2877E4C-482D-4166-9204-1B5BE26A97FC}.Debug|x86.Build.0 = Debug|Win32
		{F2877E4C-482D-4166-9204-1B5BE26A97FC}.Release|x64.ActiveCfg = Release|x64
		{F2877E4C-482D-4166-9204-1B5BE26A97FC}.Release|x64.Build.0 = Release|x64
		{F2877E4C-482D-4166-9204-1B5BE26A97FC}.Release|x86.ActiveCfg = Release|Win32
		{F2877E4C-482D-4166-9204-1B5BE26A97FC}.Release|x86.Build.0 = Release|Win32
		{562709DC-A105-40E2-B94D-F6E0FBB13977}.Debug|x64.ActiveCfg = Debug|x64
		{562709DC-A105-40E2-B94D-F6E0FBB13977}.Debug|x64.Build.0 = Debug|x64
		{562709DC-A105-40E2-B94D-F6E0FBB13977}.Debug|x86.ActiveCfg = Debug|Win32
		{562709DC-A105-40E2-B94D-F6E0FBB13977}.Debug|x86.Build.0 = Debug|Win32
		{562709DC-A105-40E2-B94D-F6E0FBB13977}.Release|x64.ActiveCfg = Release|x64
		{562709DC-A105-40E2-B94D-F6E0FBB13977}.Release|x64.Build.0 = Release|x64
		{562709DC-A105-40E2-B94D-F6E0FBB13977}.Release|x86.ActiveCfg = Release|Win32
		{562709DC-A105-40E2-B94D-F6E0FBB13977}.Release|x86.Build.0 = Release|Win32
		{59B9E5F2-0670-4B48-ABD6-A5EB545A7D0B}.Debug|x64.ActiveCfg = Debug|x64
		{59B9E5F2-0670-4B48-ABD6-A5EB545A7D0B}.Debug|x64.Build.0 = Debug|x64
		{59B9E5F2-0670-4B48-ABD6-A5EB545A7D0B}.Debug|x86.ActiveCfg = Debug|Win32
		{59B9E5F2-0670-4B48-ABD6-A5EB545A7D0B}.Debug|x86.Build.0 = Debug|Win32
		{59B9E5F2-0670-4B48-ABD6-A5EB545A7D0B}.Release|x64.ActiveCfg = Release|x64
		{59B9E5F2-0670-4B48-ABD6-A5EB545A7D0B}.Release|x64.Build.0 = Release|x64
		{59B9E5F2-0670-4B48-ABD6-A5EB545A7D0B}.Release|x86.ActiveCfg = Release|Win32
		{59B9E5F2-0670-4B48-ABD6-A5EB545A7D0B}.Release|x86.Build.0 = Release|Win32
		{49A6A508-9885-4EC2-B234-E86DB783F1ED}.Debug|x64.ActiveCfg = Debug|x64
		{49A6A508-9885-4EC2-B234-E86DB783F1ED}.Debug|x64.Build.0 = Debug|x64
		{49A6A508-9885-4EC2-B234-E86DB783F1ED}.Debug|x86.ActiveCfg = Debug|Win32
		{49A6A508-9885-4EC2-B234-E86DB783F1ED}.Debug|x86.Build.0 = Debug|Win32
		{49A6A508-9885-4EC2-B234-E86DB783F1ED}.Release|x64.ActiveCfg = Release|x64
		{49A6A508-9885-4EC2-B234-E86DB783F1ED}.Release|x64.Build.0 = Release|x64
		{49A6A508-9885-4EC2-B234-E86DB783F1ED}.Release|x86.ActiveCfg = Release|Win32
		{49A6A508-9885-4EC2-B234-E86DB783F1ED}.Release|x86.Build.0 = Release|Win32
		{E9D018FD-A54B-45AE-84CB-2F096AF8B26F}.Debug|x64.ActiveCfg = Debug|x64
		{E9D018FD-A54B-45AE-84CB-2F096AF8B26F}.Debug|x64.Build.0 = Debug|x64
		{E9D018FD-A54B-45AE-84CB-2F096AF8B26F}.Debug|x86.ActiveCfg = Debug|Win32
		{E9D018FD-A54B-45AE-84CB-2F096AF8B26F}.Debug|x86.Build.0 = Debug|Win32
		{E9D018FD-A54B-45AE-84CB-2F096AF8B26F}.Release|x64.ActiveCfg = Release|x64
		{E9D018FD-A54B-45AE-84CB-2F096AF8B26F}.Release|x64.Build.0 = Release|x64
		{E9D018FD-A54B-45AE-84CB-2F096AF8B26F}.Release|x86.ActiveCfg = Release|Win32
		{E9D018FD-A54B-45AE-84CB-2F096AF8B26F}.Release|x86.Build.0 = Release|Win32
		{D9E255A1-6DE0-40EB-AF04-FE13A64FD54A}.Debug|x64.ActiveCfg = Debug|x64
		{D9E255A1-6DE0-40EB-AF04-FE13A64FD54A}.Debug|x64.Build.0 = Debug|x64
		{D9E255A1-6DE0-40EB-AF04-FE13A64FD54A}.Debug|x86.ActiveCfg = Debug|Win32
		{D9E255A1-6DE0-40EB-AF04-FE13A64FD54A}.Debug|x86.Build.0 = Debug|Win32
		{D9E255A1-6DE0-40EB-AF04-FE13A64FD54A}.Release|x64.ActiveCfg = Release|x64
		{D9E255A1-6DE0-40EB-AF04-FE13A64FD54A}.Release|x64.Build.0 = Release|x64
		{D9E255A1-6DE0-40EB-AF04-FE13A64FD54A}.Release|x86.ActiveCfg = Release|Win32
		{D9E255A1-6DE0-40EB-AF04-FE13A64FD54A}.Release|x86.Build.0 = Release|Win32
		{8FC1E963-7E21-420C-AA9A-D9EF3355BD08}.Debug|x64.ActiveCfg = Debug|x64
		{8FC1E963-7E21-420C-AA9A-D9EF3355BD08}.Debug|x64.Build.0 = Debug|x64
		{8FC1E963-7E21-420C-AA9A-D9EF3355BD08}.Debug|x86.ActiveCfg = Debug|Win32
		{8FC1E963-7E21-420C-AA9A-D9EF3355BD08}.Debug|x86.Build.0 = Debug|Win32
		{8FC1E963-7E21-420C-AA9A-D9EF3355BD08}.Release|x64.ActiveCfg = Release|x64
		{8FC1E963-7E21-420C-AA9A-D9EF3355BD08}.Release|x64.Build.0 = Release|x64
		{8FC1E963-7E21-420C-AA9A-D9EF3355BD08}.Release|x86.ActiveCfg = Release|Win32
		{8FC1E963-7E21-420C-AA9A-D9EF3355BD08}.Release|x86.Build.0 = Release|Win32
	EndGlobalSection
	GlobalSection(SolutionProperties) = preSolution
		HideSolutionNode = FALSE
	EndGlobalSection
	GlobalSection(ExtensibilityGlobals) = postSolution
		SolutionGuid = {EC15ECC6-4234-4E93-81E5-434517D8B5E4}
	EndGlobalSection
EndGlobal
